
Microsoft Visual Studio Solution File, Format Version 12.00
# Visual Studio Version 16
VisualStudioVersion = 16.0.30011.22
MinimumVisualStudioVersion = 10.0.40219.1
Project("{9A19103F-16F7-4668-BE54-9A1E7A4F7556}") = "StarWarsForum", "StarWarsForum\StarWarsForum.csproj", "{F9BAC27C-418D-444C-ADDD-8337F8D2FDD2}"
EndProject
Project("{9A19103F-16F7-4668-BE54-9A1E7A4F7556}") = "StarWarsForum.Data", "StarWarsForum.Data\StarWarsForum.Data.csproj", "{02978237-4EAB-438A-B480-7AE75BB14FD6}"
EndProject
Project("{9A19103F-16F7-4668-BE54-9A1E7A4F7556}") = "StarWarsForum.Services", "StarWarsForum.Service\StarWarsForum.Services.csproj", "{C4AFE159-AF7D-4A56-812F-90D48FF33914}"
EndProject
Global
	GlobalSection(SolutionConfigurationPlatforms) = preSolution
		Debug|Any CPU = Debug|Any CPU
		Release|Any CPU = Release|Any CPU
	EndGlobalSection
	GlobalSection(ProjectConfigurationPlatforms) = postSolution
		{F9BAC27C-418D-444C-ADDD-8337F8D2FDD2}.Debug|Any CPU.ActiveCfg = Debug|Any CPU
		{F9BAC27C-418D-444C-ADDD-8337F8D2FDD2}.Debug|Any CPU.Build.0 = Debug|Any CPU
		{F9BAC27C-418D-444C-ADDD-8337F8D2FDD2}.Release|Any CPU.ActiveCfg = Release|Any CPU
		{F9BAC27C-418D-444C-ADDD-8337F8D2FDD2}.Release|Any CPU.Build.0 = Release|Any CPU
		{02978237-4EAB-438A-B480-7AE75BB14FD6}.Debug|Any CPU.ActiveCfg = Debug|Any CPU
		{02978237-4EAB-438A-B480-7AE75BB14FD6}.Debug|Any CPU.Build.0 = Debug|Any CPU
		{02978237-4EAB-438A-B480-7AE75BB14FD6}.Release|Any CPU.ActiveCfg = Release|Any CPU
		{02978237-4EAB-438A-B480-7AE75BB14FD6}.Release|Any CPU.Build.0 = Release|Any CPU
		{C4AFE159-AF7D-4A56-812F-90D48FF33914}.Debug|Any CPU.ActiveCfg = Debug|Any CPU
		{C4AFE159-AF7D-4A56-812F-90D48FF33914}.Debug|Any CPU.Build.0 = Debug|Any CPU
		{C4AFE159-AF7D-4A56-812F-90D48FF33914}.Release|Any CPU.ActiveCfg = Release|Any CPU
		{C4AFE159-AF7D-4A56-812F-90D48FF33914}.Release|Any CPU.Build.0 = Release|Any CPU
	EndGlobalSection
	GlobalSection(SolutionProperties) = preSolution
		HideSolutionNode = FALSE
	EndGlobalSection
	GlobalSection(ExtensibilityGlobals) = postSolution
		SolutionGuid = {18A7AB33-7ED3-4CBA-9948-B5020901CC4F}
	EndGlobalSection
EndGlobal
